{
  "name": "comicbook",
  "version": "0.0.1",
  "lockfileVersion": 1,
  "requires": true,
  "dependencies": {
    "babel-jest": {
      "version": "19.0.0",
      "resolved": "https://registry.npmjs.org/babel-jest/-/babel-jest-19.0.0.tgz",
      "integrity": "sha1-WTI87ZmjqE01naIZyogQdP/Gzj8=",
      "dev": true
    },
    "babel-preset-react-native": {
      "version": "1.9.1",
      "resolved": "https://registry.npmjs.org/babel-preset-react-native/-/babel-preset-react-native-1.9.1.tgz",
      "integrity": "sha1-7I43gnRBDXj1UPqfjt1wNT87sv4=",
      "dev": true
    },
    "create-react-class": {
      "version": "15.6.0",
      "resolved": "https://registry.npmjs.org/create-react-class/-/create-react-class-15.6.0.tgz",
      "integrity": "sha1-q0SEl8JlZuHilBPogyB9V8/nvtQ="
    },
    "fbjs": {
      "version": "0.8.12",
      "resolved": "https://registry.npmjs.org/fbjs/-/fbjs-0.8.12.tgz",
      "integrity": "sha1-ELXZL3bUVXX9Y6IX1OoCvqL47QQ="
    },
    "jest": {
      "version": "19.0.2",
      "resolved": "https://registry.npmjs.org/jest/-/jest-19.0.2.tgz",
      "integrity": "sha1-t5T6r4/0Yec4jyi+71WaVPILLBA=",
      "dev": true,
      "dependencies": {
        "jest-cli": {
          "version": "19.0.2",
          "resolved": "https://registry.npmjs.org/jest-cli/-/jest-cli-19.0.2.tgz",
          "integrity": "sha1-zDYgtirKxfLZOlSMtu9pfU7IVEM="
        }
      }
    },
    "loose-envify": {
      "version": "1.3.1",
      "resolved": "https://registry.npmjs.org/loose-envify/-/loose-envify-1.3.1.tgz",
      "integrity": "sha1-0aitM/qc4OcT1l/dCsi3SNR4yEg="
    },
    "object-assign": {
      "version": "4.1.1",
      "resolved": "https://registry.npmjs.org/object-assign/-/object-assign-4.1.1.tgz",
      "integrity": "sha1-IQmtx5ZYh8/AXLvUQsrIv7s2CGM="
    },
    "prop-types": {
      "version": "15.5.10",
      "resolved": "https://registry.npmjs.org/prop-types/-/prop-types-15.5.10.tgz",
      "integrity": "sha1-J5ffwxJhguOpXj37suiT3ddFYVQ="
    },
    "react": {
      "version": "15.6.2",
      "resolved": "https://registry.npmjs.org/react/-/react-15.6.2.tgz",
      "integrity": "sha1-26BDSrQ5z+gvEI8PURZjkIF5qnI=",
      "requires": {
        "create-react-class": "^15.6.0",
        "fbjs": "^0.8.9",
        "loose-envify": "^1.1.0",
        "object-assign": "^4.1.0",
        "prop-types": "^15.5.10"
      }
    },
    "react-native": {
      "version": "0.43.3",
      "resolved": "https://registry.npmjs.org/react-native/-/react-native-0.43.3.tgz",
      "integrity": "sha1-T44NjYiCdVN4nALvIcvBr7aEdNA=",
      "dependencies": {
        "babel-preset-react-native": {
          "version": "1.9.2",
          "resolved": "https://registry.npmjs.org/babel-preset-react-native/-/babel-preset-react-native-1.9.2.tgz",
          "integrity": "sha1-sird0uNV/zs5Zxt5voB+Ut+hRfI="
        },
        "core-js": {
          "version": "2.4.1",
          "resolved": "https://registry.npmjs.org/core-js/-/core-js-2.4.1.tgz",
          "integrity": "sha1-TekR5mew6ukSTjQlS1OupvxhjT4="
        },
        "whatwg-fetch": {
          "version": "1.1.1",
          "resolved": "https://registry.npmjs.org/whatwg-fetch/-/whatwg-fetch-1.1.1.tgz",
          "integrity": "sha1-rDydOfMgxtzlM5lp0FTvQ90zMxk="
        }
      }
    },
    "react-native-scrollable-tab-view": {
      "version": "0.7.4",
      "resolved": "https://registry.npmjs.org/react-native-scrollable-tab-view/-/react-native-scrollable-tab-view-0.7.4.tgz",
      "integrity": "sha1-YjoEfL+rNaJ7hokJWvUk6arHS2I="
    },
    "react-native-viewpager": {
      "version": "0.2.13",
      "resolved": "https://registry.npmjs.org/react-native-viewpager/-/react-native-viewpager-0.2.13.tgz",
      "integrity": "sha1-deQhrpDonvzXfSwHfAUlOCt8OcU="
    },
    "react-navigation": {
      "version": "git+https://github.com/react-community/react-navigation.git#52a2846e77119148320bcea83b8982a8bc6acce3",
      "from": "react-navigation@git+https://github.com/react-community/react-navigation.git#52a2846e77119148320bcea83b8982a8bc6acce3"
    },
    "react-redux": {
      "version": "5.0.5",
      "resolved": "https://registry.npmjs.org/react-redux/-/react-redux-5.0.5.tgz",
      "integrity": "sha1-+OjHsjlCJXblLWt9sGQ5RpvphGo="
    },
    "react-static-container": {
      "version": "1.0.1",
      "resolved": "https://registry.npmjs.org/react-static-container/-/react-static-container-1.0.1.tgz",
      "integrity": "sha1-aUwN1oqJa4eVGa+1SDmcwZicmrA="
    },
    "react-test-renderer": {
      "version": "15.6.2",
      "resolved": "https://registry.npmjs.org/react-test-renderer/-/react-test-renderer-15.6.2.tgz",
      "integrity": "sha1-0DM0NPwsQ4CSaWyncNpe1IA376g=",
      "dev": true,
      "requires": {
        "fbjs": "^0.8.9",
        "object-assign": "^4.1.0"
      }
    },
    "redux": {
      "version": "3.6.0",
      "resolved": "https://registry.npmjs.org/redux/-/redux-3.6.0.tgz",
      "integrity": "sha1-iHwrPQub2G7KK+cFccJ2VMGeGI0="
    },
    "redux-thunk": {
      "version": "2.2.0",
      "resolved": "https://registry.npmjs.org/redux-thunk/-/redux-thunk-2.2.0.tgz",
      "integrity": "sha1-5hWhbha0ehmlFXZhM9Hj6Zt4UuU="
    }
  }
}
